// !$*UTF8*$!
{
	archiveVersion = 1;
	classes = {
	};
	objectVersion = 48;
	objects = {

/* Begin PBXBuildFile section */
		3D0C2E8C204DE5A600F6C9FE /* AppDelegate.swift in Sources */ = {isa = PBXBuildFile; fileRef = 3D0C2E8B204DE5A600F6C9FE /* AppDelegate.swift */; };
		3D0C2E8E204DE5A600F6C9FE /* ViewController.swift in Sources */ = {isa = PBXBuildFile; fileRef = 3D0C2E8D204DE5A600F6C9FE /* ViewController.swift */; };
		3D0C2E91204DE5A600F6C9FE /* Main.storyboard in Resources */ = {isa = PBXBuildFile; fileRef = 3D0C2E8F204DE5A600F6C9FE /* Main.storyboard */; };
		3D0C2E93204DE5A600F6C9FE /* Assets.xcassets in Resources */ = {isa = PBXBuildFile; fileRef = 3D0C2E92204DE5A600F6C9FE /* Assets.xcassets */; };
		3D0C2E96204DE5A600F6C9FE /* LaunchScreen.storyboard in Resources */ = {isa = PBXBuildFile; fileRef = 3D0C2E94204DE5A600F6C9FE /* LaunchScreen.storyboard */; };
/* End PBXBuildFile section */

/* Begin PBXFileReference section */
		3D0C2E88204DE5A600F6C9FE /* AvitoProjectTest.app */ = {isa = PBXFileReference; explicitFileType = wrapper.application; includeInIndex = 0; path = AvitoProjectTest.app; sourceTree = BUILT_PRODUCTS_DIR; };
		3D0C2E8B204DE5A600F6C9FE /* AppDelegate.swift */ = {isa = PBXFileReference; lastKnownFileType = sourcecode.swift; path = AppDelegate.swift; sourceTree = "<group>"; };
		3D0C2E8D204DE5A600F6C9FE /* ViewController.swift */ = {isa = PBXFileReference; lastKnownFileType = sourcecode.swift; path = ViewController.swift; sourceTree = "<group>"; };
		3D0C2E90204DE5A600F6C9FE /* Base */ = {isa = PBXFileReference; lastKnownFileType = file.storyboard; name = Base; path = Base.lproj/Main.storyboard; sourceTree = "<group>"; };
		3D0C2E92204DE5A600F6C9FE /* Assets.xcassets */ = {isa = PBXFileReference; lastKnownFileType = folder.assetcatalog; path = Assets.xcassets; sourceTree = "<group>"; };
		3D0C2E95204DE5A600F6C9FE /* Base */ = {isa = PBXFileReference; lastKnownFileType = file.storyboard; name = Base; path = Base.lproj/LaunchScreen.storyboard; sourceTree = "<group>"; };
		3D0C2E97204DE5A600F6C9FE /* Info.plist */ = {isa = PBXFileReference; lastKnownFileType = text.plist.xml; path = Info.plist; sourceTree = "<group>"; };
/* End PBXFileReference section */

/* Begin PBXFrameworksBuildPhase section */
		3D0C2E85204DE5A600F6C9FE /* Frameworks */ = {
			isa = PBXFrameworksBuildPhase;
			buildActionMask = 2147483647;
			files = (
			);
			runOnlyForDeploymentPostprocessing = 0;
		};
/* End PBXFrameworksBuildPhase section */

/* Begin PBXGroup section */
		3D0C2E7F204DE5A600F6C9FE = {
			isa = PBXGroup;
			children = (
				3D0C2E8A204DE5A600F6C9FE /* AvitoProjectTest */,
				3D0C2E89204DE5A600F6C9FE /* Products */,
			);
			sourceTree = "<group>";
		};
		3D0C2E89204DE5A600F6C9FE /* Products */ = {
			isa = PBXGroup;
			children = (
				3D0C2E88204DE5A600F6C9FE /* AvitoProjectTest.app */,
			);
			name = Products;
			sourceTree = "<group>";
		};
		3D0C2E8A204DE5A600F6C9FE /* AvitoProjectTest */ = {
			isa = PBXGroup;
			children = (
				3D0C2E8B204DE5A600F6C9FE /* AppDelegate.swift */,
				3D0C2E8D204DE5A600F6C9FE /* ViewController.swift */,
				3D0C2E8F204DE5A600F6C9FE /* Main.storyboard */,
				3D0C2E92204DE5A600F6C9FE /* Assets.xcassets */,
				3D0C2E94204DE5A600F6C9FE /* LaunchScreen.storyboard */,
				3D0C2E97204DE5A600F6C9FE /* Info.plist */,
			);
			path = AvitoProjectTest;
			sourceTree = "<group>";
		};
/* End PBXGroup section */

/* Begin PBXNativeTarget section */
		3D0C2E87204DE5A600F6C9FE /* AvitoProjectTest */ = {
			isa = PBXNativeTarget;
			buildConfigurationList = 3D0C2E9A204DE5A600F6C9FE /* Build configuration list for PBXNativeTarget "AvitoProjectTest" */;
			buildPhases = (
				3D0C2E84204DE5A600F6C9FE /* Sources */,
				3D0C2E85204DE5A600F6C9FE /* Frameworks */,
				3D0C2E86204DE5A600F6C9FE /* Resources */,
			);
			buildRules = (
			);
			dependencies = (
			);
			name = AvitoProjectTest;
			productName = AvitoProjectTest;
			productReference = 3D0C2E88204DE5A600F6C9FE /* AvitoProjectTest.app */;
			productType = "com.apple.product-type.application";
		};
/* End PBXNativeTarget section */

/* Begin PBXProject section */
		3D0C2E80204DE5A600F6C9FE /* Project object */ = {
			isa = PBXProject;
			attributes = {
				LastSwiftUpdateCheck = 0920;
				LastUpgradeCheck = 0920;
				ORGANIZATIONNAME = "Zakaria elmouatassim";
				TargetAttributes = {
					3D0C2E87204DE5A600F6C9FE = {
						CreatedOnToolsVersion = 9.2;
						ProvisioningStyle = Automatic;
					};
				};
			};
			buildConfigurationList = 3D0C2E83204DE5A600F6C9FE /* Build configuration list for PBXProject "AvitoProjectTest" */;
			compatibilityVersion = "Xcode 8.0";
			developmentRegion = en;
			hasScannedForEncodings = 0;
			knownRegions = (
				en,
				Base,
			);
			mainGroup = 3D0C2E7F204DE5A600F6C9FE;
			productRefGroup = 3D0C2E89204DE5A600F6C9FE /* Products */;
			projectDirPath = "";
			projectRoot = "";
			targets = (
				3D0C2E87204DE5A600F6C9FE /* AvitoProjectTest */,
			);
		};
/* End PBXProject section */

/* Begin PBXResourcesBuildPhase section */
		3D0C2E86204DE5A600F6C9FE /* Resources */ = {
			isa = PBXResourcesBuildPhase;
			buildActionMask = 2147483647;
			files = (
				3D0C2E96204DE5A600F6C9FE /* LaunchScreen.storyboard in Resources */,
				3D0C2E93204DE5A600F6C9FE /* Assets.xcassets in Resources */,
				3D0C2E91204DE5A600F6C9FE /* Main.storyboard in Resources */,
			);
			runOnlyForDeploymentPostprocessing = 0;
		};
/* End PBXResourcesBuildPhase section */

/* Begin PBXSourcesBuildPhase section */
		3D0C2E84204DE5A600F6C9FE /* Sources */ = {
			isa = PBXSourcesBuildPhase;
			buildActionMask = 2147483647;
			files = (
				3D0C2E8E204DE5A600F6C9FE /* ViewController.swift in Sources */,
				3D0C2E8C204DE5A600F6C9FE /* AppDelegate.swift in Sources */,
			);
			runOnlyForDeploymentPostprocessing = 0;
		};
/* End PBXSourcesBuildPhase section */

/* Begin PBXVariantGroup section */
		3D0C2E8F204DE5A600F6C9FE /* Main.storyboard */ = {
			isa = PBXVariantGroup;
			children = (
				3D0C2E90204DE5A600F6C9FE /* Base */,
			);
			name = Main.storyboard;
			sourceTree = "<group>";
		};
		3D0C2E94204DE5A600F6C9FE /* LaunchScreen.storyboard */ = {
			isa = PBXVariantGroup;
			children = (
				3D0C2E95204DE5A600F6C9FE /* Base */,
			);
			name = LaunchScreen.storyboard;
			sourceTree = "<group>";
		};
/* End PBXVariantGroup section */

/* Begin XCBuildConfiguration section */
		3D0C2E98204DE5A600F6C9FE /* Debug */ = {
			isa = XCBuildConfiguration;
			buildSettings = {
				ALWAYS_SEARCH_USER_PATHS = NO;
				CLANG_ANALYZER_NONNULL = YES;
				CLANG_ANALYZER_NUMBER_OBJECT_CONVERSION = YES_AGGRESSIVE;
				CLANG_CXX_LANGUAGE_STANDARD = "gnu++14";
				CLANG_CXX_LIBRARY = "libc++";
				CLANG_ENABLE_MODULES = YES;
				CLANG_ENABLE_OBJC_ARC = YES;
				CLANG_WARN_BLOCK_CAPTURE_AUTORELEASING = YES;
				CLANG_WARN_BOOL_CONVERSION = YES;
				CLANG_WARN_COMMA = YES;
				CLANG_WARN_CONSTANT_CONVERSION = YES;
				CLANG_WARN_DIRECT_OBJC_ISA_USAGE = YES_ERROR;
				CLANG_WARN_DOCUMENTATION_COMMENTS = YES;
				CLANG_WARN_EMPTY_BODY = YES;
				CLANG_WARN_ENUM_CONVERSION = YES;
				CLANG_WARN_INFINITE_RECURSION = YES;
				CLANG_WARN_INT_CONVERSION = YES;
				CLANG_WARN_NON_LITERAL_NULL_CONVERSION = YES;
				CLANG_WARN_OBJC_LITERAL_CONVERSION = YES;
				CLANG_WARN_OBJC_ROOT_CLASS = YES_ERROR;
				CLANG_WARN_RANGE_LOOP_ANALYSIS = YES;
				CLANG_WARN_STRICT_PROTOTYPES = YES;
				CLANG_WARN_SUSPICIOUS_MOVE = YES;
				CLANG_WARN_UNGUARDED_AVAILABILITY = YES_AGGRESSIVE;
				CLANG_WARN_UNREACHABLE_CODE = YES;
				CLANG_WARN__DUPLICATE_METHOD_MATCH = YES;
				CODE_SIGN_IDENTITY = "iPhone Developer";
				COPY_PHASE_STRIP = NO;
				DEBUG_INFORMATION_FORMAT = dwarf;
				ENABLE_STRICT_OBJC_MSGSEND = YES;
				ENABLE_TESTABILITY = YES;
				GCC_C_LANGUAGE_STANDARD = gnu11;
				GCC_DYNAMIC_NO_PIC = NO;
				GCC_NO_COMMON_BLOCKS = YES;
				GCC_OPTIMIZATION_LEVEL = 0;
				GCC_PREPROCESSOR_DEFINITIONS = (
					"DEBUG=1",
					"$(inherited)",
				);
				GCC_WARN_64_TO_32_BIT_CONVERSION = YES;
				GCC_WARN_ABOUT_RETURN_TYPE = YES_ERROR;
				GCC_WARN_UNDECLARED_SELECTOR = YES;
				GCC_WARN_UNINITIALIZED_AUTOS = YES_AGGRESSIVE;
				GCC_WARN_UNUSED_FUNCTION = YES;
				GCC_WARN_UNUSED_VARIABLE = YES;
				IPHONEOS_DEPLOYMENT_TARGET = 11.2;
				MTL_ENABLE_DEBUG_INFO = YES;
				ONLY_ACTIVE_ARCH = YES;
				SDKROOT = iphoneos;
				SWIFT_ACTIVE_COMPILATION_CONDITIONS = DEBUG;
				SWIFT_OPTIMIZATION_LEVEL = "-Onone";
			};
			name = Debug;
		};
		3D0C2E99204DE5A600F6C9FE /* Release */ = {
			isa = XCBuildConfiguration;
			buildSettings = {
				ALWAYS_SEARCH_USER_PATHS = NO;
				CLANG_ANALYZER_NONNULL = YES;
				CLANG_ANALYZER_NUMBER_OBJECT_CONVERSION = YES_AGGRESSIVE;
				CLANG_CXX_LANGUAGE_STANDARD = "gnu++14";
				CLANG_CXX_LIBRARY = "libc++";
				CLANG_ENABLE_MODULES = YES;
				CLANG_ENABLE_OBJC_ARC = YES;
				CLANG_WARN_BLOCK_CAPTURE_AUTORELEASING = YES;
				CLANG_WARN_BOOL_CONVERSION = YES;
				CLANG_WARN_COMMA = YES;
				CLANG_WARN_CONSTANT_CONVERSION = YES;
				CLANG_WARN_DIRECT_OBJC_ISA_USAGE = YES_ERROR;
				CLANG_WARN_DOCUMENTATION_COMMENTS = YES;
				CLANG_WARN_EMPTY_BODY = YES;
				CLANG_WARN_ENUM_CONVERSION = YES;
				CLANG_WARN_INFINITE_RECURSION = YES;
				CLANG_WARN_INT_CONVERSION = YES;
				CLANG_WARN_NON_LITERAL_NULL_CONVERSION = YES;
				CLANG_WARN_OBJC_LITERAL_CONVERSION = YES;
				CLANG_WARN_OBJC_ROOT_CLASS = YES_ERROR;
				CLANG_WARN_RANGE_LOOP_ANALYSIS = YES;
				CLANG_WARN_STRICT_PROTOTYPES = YES;
				CLANG_WARN_SUSPICIOUS_MOVE = YES;
				CLANG_WARN_UNGUARDED_AVAILABILITY = YES_AGGRESSIVE;
				CLANG_WARN_UNREACHABLE_CODE = YES;
				CLANG_WARN__DUPLICATE_METHOD_MATCH = YES;
				CODE_SIGN_IDENTITY = "iPhone Developer";
				COPY_PHASE_STRIP = NO;
				DEBUG_INFORMATION_FORMAT = "dwarf-with-dsym";
				ENABLE_NS_ASSERTIONS = NO;
				ENABLE_STRICT_OBJC_MSGSEND = YES;
				GCC_C_LANGUAGE_STANDARD = gnu11;
				GCC_NO_COMMON_BLOCKS = YES;
				GCC_WARN_64_TO_32_BIT_CONVERSION = YES;
				GCC_WARN_ABOUT_RETURN_TYPE = YES_ERROR;
				GCC_WARN_UNDECLARED_SELECTOR = YES;
				GCC_WARN_UNINITIALIZED_AUTOS = YES_AGGRESSIVE;
				GCC_WARN_UNUSED_FUNCTION = YES;
				GCC_WARN_UNUSED_VARIABLE = YES;
				IPHONEOS_DEPLOYMENT_TARGET = 11.2;
				MTL_ENABLE_DEBUG_INFO = NO;
				SDKROOT = iphoneos;
				SWIFT_OPTIMIZATION_LEVEL = "-Owholemodule";
				VALIDATE_PRODUCT = YES;
			};
			name = Release;
		};
		3D0C2E9B204DE5A600F6C9FE /* Debug */ = {
			isa = XCBuildConfiguration;
			buildSettings = {
				ASSETCATALOG_COMPILER_APPICON_NAME = AppIcon;
				CODE_SIGN_STYLE = Automatic;
				INFOPLIST_FILE = AvitoProjectTest/Info.plist;
				LD_RUNPATH_SEARCH_PATHS = "$(inherited) @executable_path/Frameworks";
				PRODUCT_BUNDLE_IDENTIFIER = com.avito.test.AvitoProjectTest;
				PRODUCT_NAME = "$(TARGET_NAME)";
				SWIFT_VERSION = 4.0;
				TARGETED_DEVICE_FAMILY = "1,2";
			};
			name = Debug;
		};
		3D0C2E9C204DE5A600F6C9FE /* Release */ = {
			isa = XCBuildConfiguration;
			buildSettings = {
				ASSETCATALOG_COMPILER_APPICON_NAME = AppIcon;
				CODE_SIGN_STYLE = Automatic;
				INFOPLIST_FILE = AvitoProjectTest/Info.plist;
				LD_RUNPATH_SEARCH_PATHS = "$(inherited) @executable_path/Frameworks";
				PRODUCT_BUNDLE_IDENTIFIER = com.avito.test.AvitoProjectTest;
				PRODUCT_NAME = "$(TARGET_NAME)";
				SWIFT_VERSION = 4.0;
				TARGETED_DEVICE_FAMILY = "1,2";
			};
			name = Release;
		};
/* End XCBuildConfiguration section */

/* Begin XCConfigurationList section */
		3D0C2E83204DE5A600F6C9FE /* Build configuration list for PBXProject "AvitoProjectTest" */ = {
			isa = XCConfigurationList;
			buildConfigurations = (
				3D0C2E98204DE5A600F6C9FE /* Debug */,
				3D0C2E99204DE5A600F6C9FE /* Release */,
			);
			defaultConfigurationIsVisible = 0;
			defaultConfigurationName = Release;
		};
		3D0C2E9A204DE5A600F6C9FE /* Build configuration list for PBXNativeTarget "AvitoProjectTest" */ = {
			isa = XCConfigurationList;
			buildConfigurations = (
				3D0C2E9B204DE5A600F6C9FE /* Debug */,
				3D0C2E9C204DE5A600F6C9FE /* Release */,
			);
			defaultConfigurationIsVisible = 0;
			defaultConfigurationName = Release;
		};
/* End XCConfigurationList section */
	};
	rootObject = 3D0C2E80204DE5A600F6C9FE /* Project object */;
}
