// !$*UTF8*$!
{
	archiveVersion = 1;
	classes = {
	};
	objectVersion = 48;
	objects = {

/* Begin PBXBuildFile section */
		0223AE3E363046EAE1FCFD6B /* Pods_AvitoProjectTest.framework in Frameworks */ = {isa = PBXBuildFile; fileRef = DC3543440EE71FCD59D2A373 /* Pods_AvitoProjectTest.framework */; };
		3D0C2E8C204DE5A600F6C9FE /* AppDelegate.swift in Sources */ = {isa = PBXBuildFile; fileRef = 3D0C2E8B204DE5A600F6C9FE /* AppDelegate.swift */; };
		3D0C2E91204DE5A600F6C9FE /* Main.storyboard in Resources */ = {isa = PBXBuildFile; fileRef = 3D0C2E8F204DE5A600F6C9FE /* Main.storyboard */; };
		3D0C2E93204DE5A600F6C9FE /* Assets.xcassets in Resources */ = {isa = PBXBuildFile; fileRef = 3D0C2E92204DE5A600F6C9FE /* Assets.xcassets */; };
		3D0C2E96204DE5A600F6C9FE /* LaunchScreen.storyboard in Resources */ = {isa = PBXBuildFile; fileRef = 3D0C2E94204DE5A600F6C9FE /* LaunchScreen.storyboard */; };
		3D29C375204DF6F20014221A /* NetworkingController.swift in Sources */ = {isa = PBXBuildFile; fileRef = 3D29C374204DF6F20014221A /* NetworkingController.swift */; };
		3DE90987204DEFCD0079BF18 /* HomeViewController.swift in Sources */ = {isa = PBXBuildFile; fileRef = 3DE90982204DEFCC0079BF18 /* HomeViewController.swift */; };
		3DE90988204DEFCD0079BF18 /* ListViewCell.xib in Resources */ = {isa = PBXBuildFile; fileRef = 3DE90984204DEFCC0079BF18 /* ListViewCell.xib */; };
		3DE90989204DEFCD0079BF18 /* ListViewCell.swift in Sources */ = {isa = PBXBuildFile; fileRef = 3DE90985204DEFCC0079BF18 /* ListViewCell.swift */; };
		3DE9098B204DF1110079BF18 /* AdsView.swift in Sources */ = {isa = PBXBuildFile; fileRef = 3DE9098A204DF1110079BF18 /* AdsView.swift */; };
/* End PBXBuildFile section */

/* Begin PBXFileReference section */
		3D0C2E88204DE5A600F6C9FE /* AvitoProjectTest.app */ = {isa = PBXFileReference; explicitFileType = wrapper.application; includeInIndex = 0; path = AvitoProjectTest.app; sourceTree = BUILT_PRODUCTS_DIR; };
		3D0C2E8B204DE5A600F6C9FE /* AppDelegate.swift */ = {isa = PBXFileReference; lastKnownFileType = sourcecode.swift; path = AppDelegate.swift; sourceTree = "<group>"; };
		3D0C2E90204DE5A600F6C9FE /* Base */ = {isa = PBXFileReference; lastKnownFileType = file.storyboard; name = Base; path = Base.lproj/Main.storyboard; sourceTree = "<group>"; };
		3D0C2E92204DE5A600F6C9FE /* Assets.xcassets */ = {isa = PBXFileReference; lastKnownFileType = folder.assetcatalog; path = Assets.xcassets; sourceTree = "<group>"; };
		3D0C2E95204DE5A600F6C9FE /* Base */ = {isa = PBXFileReference; lastKnownFileType = file.storyboard; name = Base; path = Base.lproj/LaunchScreen.storyboard; sourceTree = "<group>"; };
		3D0C2E97204DE5A600F6C9FE /* Info.plist */ = {isa = PBXFileReference; lastKnownFileType = text.plist.xml; path = Info.plist; sourceTree = "<group>"; };
		3D29C374204DF6F20014221A /* NetworkingController.swift */ = {isa = PBXFileReference; lastKnownFileType = sourcecode.swift; path = NetworkingController.swift; sourceTree = "<group>"; };
		3DE90982204DEFCC0079BF18 /* HomeViewController.swift */ = {isa = PBXFileReference; fileEncoding = 4; lastKnownFileType = sourcecode.swift; path = HomeViewController.swift; sourceTree = "<group>"; };
		3DE90984204DEFCC0079BF18 /* ListViewCell.xib */ = {isa = PBXFileReference; fileEncoding = 4; lastKnownFileType = file.xib; path = ListViewCell.xib; sourceTree = "<group>"; };
		3DE90985204DEFCC0079BF18 /* ListViewCell.swift */ = {isa = PBXFileReference; fileEncoding = 4; lastKnownFileType = sourcecode.swift; path = ListViewCell.swift; sourceTree = "<group>"; };
		3DE9098A204DF1110079BF18 /* AdsView.swift */ = {isa = PBXFileReference; lastKnownFileType = sourcecode.swift; path = AdsView.swift; sourceTree = "<group>"; };
		B2001F07DCD23BB91C5E28C9 /* Pods-AvitoProjectTest.release.xcconfig */ = {isa = PBXFileReference; includeInIndex = 1; lastKnownFileType = text.xcconfig; name = "Pods-AvitoProjectTest.release.xcconfig"; path = "Pods/Target Support Files/Pods-AvitoProjectTest/Pods-AvitoProjectTest.release.xcconfig"; sourceTree = "<group>"; };
		DC3543440EE71FCD59D2A373 /* Pods_AvitoProjectTest.framework */ = {isa = PBXFileReference; explicitFileType = wrapper.framework; includeInIndex = 0; path = Pods_AvitoProjectTest.framework; sourceTree = BUILT_PRODUCTS_DIR; };
		DF65C7CA4588CA43D421A981 /* Pods-AvitoProjectTest.debug.xcconfig */ = {isa = PBXFileReference; includeInIndex = 1; lastKnownFileType = text.xcconfig; name = "Pods-AvitoProjectTest.debug.xcconfig"; path = "Pods/Target Support Files/Pods-AvitoProjectTest/Pods-AvitoProjectTest.debug.xcconfig"; sourceTree = "<group>"; };
/* End PBXFileReference section */

/* Begin PBXFrameworksBuildPhase section */
		3D0C2E85204DE5A600F6C9FE /* Frameworks */ = {
			isa = PBXFrameworksBuildPhase;
			buildActionMask = 2147483647;
			files = (
				0223AE3E363046EAE1FCFD6B /* Pods_AvitoProjectTest.framework in Frameworks */,
			);
			runOnlyForDeploymentPostprocessing = 0;
		};
/* End PBXFrameworksBuildPhase section */

/* Begin PBXGroup section */
		2D080B91A24A2638F0B01C6C /* Pods */ = {
			isa = PBXGroup;
			children = (
				DF65C7CA4588CA43D421A981 /* Pods-AvitoProjectTest.debug.xcconfig */,
				B2001F07DCD23BB91C5E28C9 /* Pods-AvitoProjectTest.release.xcconfig */,
			);
			name = Pods;
			sourceTree = "<group>";
		};
		3D0C2E7F204DE5A600F6C9FE = {
			isa = PBXGroup;
			children = (
				3D0C2E8A204DE5A600F6C9FE /* AvitoProjectTest */,
				3D0C2E89204DE5A600F6C9FE /* Products */,
				2D080B91A24A2638F0B01C6C /* Pods */,
				513F354F1B0B186F88025E56 /* Frameworks */,
			);
			sourceTree = "<group>";
		};
		3D0C2E89204DE5A600F6C9FE /* Products */ = {
			isa = PBXGroup;
			children = (
				3D0C2E88204DE5A600F6C9FE /* AvitoProjectTest.app */,
			);
			name = Products;
			sourceTree = "<group>";
		};
		3D0C2E8A204DE5A600F6C9FE /* AvitoProjectTest */ = {
			isa = PBXGroup;
			children = (
				3DE90986204DEFCD0079BF18 /* Module */,
				3DE90983204DEFCC0079BF18 /* Views */,
				3DE90981204DEFCC0079BF18 /* Controller */,
				3D0C2E8B204DE5A600F6C9FE /* AppDelegate.swift */,
				3D0C2E8F204DE5A600F6C9FE /* Main.storyboard */,
				3D0C2E92204DE5A600F6C9FE /* Assets.xcassets */,
				3D0C2E94204DE5A600F6C9FE /* LaunchScreen.storyboard */,
				3D0C2E97204DE5A600F6C9FE /* Info.plist */,
			);
			path = AvitoProjectTest;
			sourceTree = "<group>";
		};
		3D29C373204DF6D70014221A /* Base */ = {
			isa = PBXGroup;
			children = (
				3D29C374204DF6F20014221A /* NetworkingController.swift */,
			);
			path = Base;
			sourceTree = "<group>";
		};
		3DE90981204DEFCC0079BF18 /* Controller */ = {
			isa = PBXGroup;
			children = (
				3D29C373204DF6D70014221A /* Base */,
				3DE90982204DEFCC0079BF18 /* HomeViewController.swift */,
			);
			path = Controller;
			sourceTree = "<group>";
		};
		3DE90983204DEFCC0079BF18 /* Views */ = {
			isa = PBXGroup;
			children = (
				3DE90984204DEFCC0079BF18 /* ListViewCell.xib */,
				3DE90985204DEFCC0079BF18 /* ListViewCell.swift */,
			);
			path = Views;
			sourceTree = "<group>";
		};
		3DE90986204DEFCD0079BF18 /* Module */ = {
			isa = PBXGroup;
			children = (
				3DE9098A204DF1110079BF18 /* AdsView.swift */,
			);
			path = Module;
			sourceTree = "<group>";
		};
		513F354F1B0B186F88025E56 /* Frameworks */ = {
			isa = PBXGroup;
			children = (
				DC3543440EE71FCD59D2A373 /* Pods_AvitoProjectTest.framework */,
			);
			name = Frameworks;
			sourceTree = "<group>";
		};
/* End PBXGroup section */

/* Begin PBXNativeTarget section */
		3D0C2E87204DE5A600F6C9FE /* AvitoProjectTest */ = {
			isa = PBXNativeTarget;
			buildConfigurationList = 3D0C2E9A204DE5A600F6C9FE /* Build configuration list for PBXNativeTarget "AvitoProjectTest" */;
			buildPhases = (
				24A49E5C7A3F7CBC8B4AE645 /* [CP] Check Pods Manifest.lock */,
				3D0C2E84204DE5A600F6C9FE /* Sources */,
				3D0C2E85204DE5A600F6C9FE /* Frameworks */,
				3D0C2E86204DE5A600F6C9FE /* Resources */,
				6248F29D3009C77EA31A11F9 /* [CP] Embed Pods Frameworks */,
				CA7CB6AE8B7CE16980DD2469 /* [CP] Copy Pods Resources */,
			);
			buildRules = (
			);
			dependencies = (
			);
			name = AvitoProjectTest;
			productName = AvitoProjectTest;
			productReference = 3D0C2E88204DE5A600F6C9FE /* AvitoProjectTest.app */;
			productType = "com.apple.product-type.application";
		};
/* End PBXNativeTarget section */

/* Begin PBXProject section */
		3D0C2E80204DE5A600F6C9FE /* Project object */ = {
			isa = PBXProject;
			attributes = {
				LastSwiftUpdateCheck = 0920;
				LastUpgradeCheck = 0920;
				ORGANIZATIONNAME = "Zakaria elmouatassim";
				TargetAttributes = {
					3D0C2E87204DE5A600F6C9FE = {
						CreatedOnToolsVersion = 9.2;
						ProvisioningStyle = Automatic;
					};
				};
			};
			buildConfigurationList = 3D0C2E83204DE5A600F6C9FE /* Build configuration list for PBXProject "AvitoProjectTest" */;
			compatibilityVersion = "Xcode 8.0";
			developmentRegion = en;
			hasScannedForEncodings = 0;
			knownRegions = (
				en,
				Base,
			);
			mainGroup = 3D0C2E7F204DE5A600F6C9FE;
			productRefGroup = 3D0C2E89204DE5A600F6C9FE /* Products */;
			projectDirPath = "";
			projectRoot = "";
			targets = (
				3D0C2E87204DE5A600F6C9FE /* AvitoProjectTest */,
			);
		};
/* End PBXProject section */

/* Begin PBXResourcesBuildPhase section */
		3D0C2E86204DE5A600F6C9FE /* Resources */ = {
			isa = PBXResourcesBuildPhase;
			buildActionMask = 2147483647;
			files = (
				3DE90988204DEFCD0079BF18 /* ListViewCell.xib in Resources */,
				3D0C2E96204DE5A600F6C9FE /* LaunchScreen.storyboard in Resources */,
				3D0C2E93204DE5A600F6C9FE /* Assets.xcassets in Resources */,
				3D0C2E91204DE5A600F6C9FE /* Main.storyboard in Resources */,
			);
			runOnlyForDeploymentPostprocessing = 0;
		};
/* End PBXResourcesBuildPhase section */

/* Begin PBXShellScriptBuildPhase section */
		24A49E5C7A3F7CBC8B4AE645 /* [CP] Check Pods Manifest.lock */ = {
			isa = PBXShellScriptBuildPhase;
			buildActionMask = 2147483647;
			files = (
			);
			inputPaths = (
				"${PODS_PODFILE_DIR_PATH}/Podfile.lock",
				"${PODS_ROOT}/Manifest.lock",
			);
			name = "[CP] Check Pods Manifest.lock";
			outputPaths = (
				"$(DERIVED_FILE_DIR)/Pods-AvitoProjectTest-checkManifestLockResult.txt",
			);
			runOnlyForDeploymentPostprocessing = 0;
			shellPath = /bin/sh;
			shellScript = "diff \"${PODS_PODFILE_DIR_PATH}/Podfile.lock\" \"${PODS_ROOT}/Manifest.lock\" > /dev/null\nif [ $? != 0 ] ; then\n    # print error to STDERR\n    echo \"error: The sandbox is not in sync with the Podfile.lock. Run 'pod install' or update your CocoaPods installation.\" >&2\n    exit 1\nfi\n# This output is used by Xcode 'outputs' to avoid re-running this script phase.\necho \"SUCCESS\" > \"${SCRIPT_OUTPUT_FILE_0}\"\n";
			showEnvVarsInLog = 0;
		};
		6248F29D3009C77EA31A11F9 /* [CP] Embed Pods Frameworks */ = {
			isa = PBXShellScriptBuildPhase;
			buildActionMask = 2147483647;
			files = (
			);
			inputPaths = (
				"${SRCROOT}/Pods/Target Support Files/Pods-AvitoProjectTest/Pods-AvitoProjectTest-frameworks.sh",
				"${BUILT_PRODUCTS_DIR}/Alamofire/Alamofire.framework",
				"${BUILT_PRODUCTS_DIR}/SDWebImage/SDWebImage.framework",
				"${BUILT_PRODUCTS_DIR}/SwiftyJSON/SwiftyJSON.framework",
			);
			name = "[CP] Embed Pods Frameworks";
			outputPaths = (
				"${TARGET_BUILD_DIR}/${FRAMEWORKS_FOLDER_PATH}/Alamofire.framework",
				"${TARGET_BUILD_DIR}/${FRAMEWORKS_FOLDER_PATH}/SDWebImage.framework",
				"${TARGET_BUILD_DIR}/${FRAMEWORKS_FOLDER_PATH}/SwiftyJSON.framework",
			);
			runOnlyForDeploymentPostprocessing = 0;
			shellPath = /bin/sh;
			shellScript = "\"${SRCROOT}/Pods/Target Support Files/Pods-AvitoProjectTest/Pods-AvitoProjectTest-frameworks.sh\"\n";
			showEnvVarsInLog = 0;
		};
		CA7CB6AE8B7CE16980DD2469 /* [CP] Copy Pods Resources */ = {
			isa = PBXShellScriptBuildPhase;
			buildActionMask = 2147483647;
			files = (
			);
			inputPaths = (
			);
			name = "[CP] Copy Pods Resources";
			outputPaths = (
			);
			runOnlyForDeploymentPostprocessing = 0;
			shellPath = /bin/sh;
			shellScript = "\"${SRCROOT}/Pods/Target Support Files/Pods-AvitoProjectTest/Pods-AvitoProjectTest-resources.sh\"\n";
			showEnvVarsInLog = 0;
		};
/* End PBXShellScriptBuildPhase section */

/* Begin PBXSourcesBuildPhase section */
		3D0C2E84204DE5A600F6C9FE /* Sources */ = {
			isa = PBXSourcesBuildPhase;
			buildActionMask = 2147483647;
			files = (
				3DE90989204DEFCD0079BF18 /* ListViewCell.swift in Sources */,
				3D0C2E8C204DE5A600F6C9FE /* AppDelegate.swift in Sources */,
				3DE90987204DEFCD0079BF18 /* HomeViewController.swift in Sources */,
				3DE9098B204DF1110079BF18 /* AdsView.swift in Sources */,
				3D29C375204DF6F20014221A /* NetworkingController.swift in Sources */,
			);
			runOnlyForDeploymentPostprocessing = 0;
		};
/* End PBXSourcesBuildPhase section */

/* Begin PBXVariantGroup section */
		3D0C2E8F204DE5A600F6C9FE /* Main.storyboard */ = {
			isa = PBXVariantGroup;
			children = (
				3D0C2E90204DE5A600F6C9FE /* Base */,
			);
			name = Main.storyboard;
			sourceTree = "<group>";
		};
		3D0C2E94204DE5A600F6C9FE /* LaunchScreen.storyboard */ = {
			isa = PBXVariantGroup;
			children = (
				3D0C2E95204DE5A600F6C9FE /* Base */,
			);
			name = LaunchScreen.storyboard;
			sourceTree = "<group>";
		};
/* End PBXVariantGroup section */

/* Begin XCBuildConfiguration section */
		3D0C2E98204DE5A600F6C9FE /* Debug */ = {
			isa = XCBuildConfiguration;
			buildSettings = {
				ALWAYS_SEARCH_USER_PATHS = NO;
				CLANG_ANALYZER_NONNULL = YES;
				CLANG_ANALYZER_NUMBER_OBJECT_CONVERSION = YES_AGGRESSIVE;
				CLANG_CXX_LANGUAGE_STANDARD = "gnu++14";
				CLANG_CXX_LIBRARY = "libc++";
				CLANG_ENABLE_MODULES = YES;
				CLANG_ENABLE_OBJC_ARC = YES;
				CLANG_WARN_BLOCK_CAPTURE_AUTORELEASING = YES;
				CLANG_WARN_BOOL_CONVERSION = YES;
				CLANG_WARN_COMMA = YES;
				CLANG_WARN_CONSTANT_CONVERSION = YES;
				CLANG_WARN_DIRECT_OBJC_ISA_USAGE = YES_ERROR;
				CLANG_WARN_DOCUMENTATION_COMMENTS = YES;
				CLANG_WARN_EMPTY_BODY = YES;
				CLANG_WARN_ENUM_CONVERSION = YES;
				CLANG_WARN_INFINITE_RECURSION = YES;
				CLANG_WARN_INT_CONVERSION = YES;
				CLANG_WARN_NON_LITERAL_NULL_CONVERSION = YES;
				CLANG_WARN_OBJC_LITERAL_CONVERSION = YES;
				CLANG_WARN_OBJC_ROOT_CLASS = YES_ERROR;
				CLANG_WARN_RANGE_LOOP_ANALYSIS = YES;
				CLANG_WARN_STRICT_PROTOTYPES = YES;
				CLANG_WARN_SUSPICIOUS_MOVE = YES;
				CLANG_WARN_UNGUARDED_AVAILABILITY = YES_AGGRESSIVE;
				CLANG_WARN_UNREACHABLE_CODE = YES;
				CLANG_WARN__DUPLICATE_METHOD_MATCH = YES;
				CODE_SIGN_IDENTITY = "iPhone Developer";
				COPY_PHASE_STRIP = NO;
				DEBUG_INFORMATION_FORMAT = dwarf;
				ENABLE_STRICT_OBJC_MSGSEND = YES;
				ENABLE_TESTABILITY = YES;
				GCC_C_LANGUAGE_STANDARD = gnu11;
				GCC_DYNAMIC_NO_PIC = NO;
				GCC_NO_COMMON_BLOCKS = YES;
				GCC_OPTIMIZATION_LEVEL = 0;
				GCC_PREPROCESSOR_DEFINITIONS = (
					"DEBUG=1",
					"$(inherited)",
				);
				GCC_WARN_64_TO_32_BIT_CONVERSION = YES;
				GCC_WARN_ABOUT_RETURN_TYPE = YES_ERROR;
				GCC_WARN_UNDECLARED_SELECTOR = YES;
				GCC_WARN_UNINITIALIZED_AUTOS = YES_AGGRESSIVE;
				GCC_WARN_UNUSED_FUNCTION = YES;
				GCC_WARN_UNUSED_VARIABLE = YES;
				IPHONEOS_DEPLOYMENT_TARGET = 11.2;
				MTL_ENABLE_DEBUG_INFO = YES;
				ONLY_ACTIVE_ARCH = YES;
				SDKROOT = iphoneos;
				SWIFT_ACTIVE_COMPILATION_CONDITIONS = DEBUG;
				SWIFT_OPTIMIZATION_LEVEL = "-Onone";
			};
			name = Debug;
		};
		3D0C2E99204DE5A600F6C9FE /* Release */ = {
			isa = XCBuildConfiguration;
			buildSettings = {
				ALWAYS_SEARCH_USER_PATHS = NO;
				CLANG_ANALYZER_NONNULL = YES;
				CLANG_ANALYZER_NUMBER_OBJECT_CONVERSION = YES_AGGRESSIVE;
				CLANG_CXX_LANGUAGE_STANDARD = "gnu++14";
				CLANG_CXX_LIBRARY = "libc++";
				CLANG_ENABLE_MODULES = YES;
				CLANG_ENABLE_OBJC_ARC = YES;
				CLANG_WARN_BLOCK_CAPTURE_AUTORELEASING = YES;
				CLANG_WARN_BOOL_CONVERSION = YES;
				CLANG_WARN_COMMA = YES;
				CLANG_WARN_CONSTANT_CONVERSION = YES;
				CLANG_WARN_DIRECT_OBJC_ISA_USAGE = YES_ERROR;
				CLANG_WARN_DOCUMENTATION_COMMENTS = YES;
				CLANG_WARN_EMPTY_BODY = YES;
				CLANG_WARN_ENUM_CONVERSION = YES;
				CLANG_WARN_INFINITE_RECURSION = YES;
				CLANG_WARN_INT_CONVERSION = YES;
				CLANG_WARN_NON_LITERAL_NULL_CONVERSION = YES;
				CLANG_WARN_OBJC_LITERAL_CONVERSION = YES;
				CLANG_WARN_OBJC_ROOT_CLASS = YES_ERROR;
				CLANG_WARN_RANGE_LOOP_ANALYSIS = YES;
				CLANG_WARN_STRICT_PROTOTYPES = YES;
				CLANG_WARN_SUSPICIOUS_MOVE = YES;
				CLANG_WARN_UNGUARDED_AVAILABILITY = YES_AGGRESSIVE;
				CLANG_WARN_UNREACHABLE_CODE = YES;
				CLANG_WARN__DUPLICATE_METHOD_MATCH = YES;
				CODE_SIGN_IDENTITY = "iPhone Developer";
				COPY_PHASE_STRIP = NO;
				DEBUG_INFORMATION_FORMAT = "dwarf-with-dsym";
				ENABLE_NS_ASSERTIONS = NO;
				ENABLE_STRICT_OBJC_MSGSEND = YES;
				GCC_C_LANGUAGE_STANDARD = gnu11;
				GCC_NO_COMMON_BLOCKS = YES;
				GCC_WARN_64_TO_32_BIT_CONVERSION = YES;
				GCC_WARN_ABOUT_RETURN_TYPE = YES_ERROR;
				GCC_WARN_UNDECLARED_SELECTOR = YES;
				GCC_WARN_UNINITIALIZED_AUTOS = YES_AGGRESSIVE;
				GCC_WARN_UNUSED_FUNCTION = YES;
				GCC_WARN_UNUSED_VARIABLE = YES;
				IPHONEOS_DEPLOYMENT_TARGET = 11.2;
				MTL_ENABLE_DEBUG_INFO = NO;
				SDKROOT = iphoneos;
				SWIFT_OPTIMIZATION_LEVEL = "-Owholemodule";
				VALIDATE_PRODUCT = YES;
			};
			name = Release;
		};
		3D0C2E9B204DE5A600F6C9FE /* Debug */ = {
			isa = XCBuildConfiguration;
			baseConfigurationReference = DF65C7CA4588CA43D421A981 /* Pods-AvitoProjectTest.debug.xcconfig */;
			buildSettings = {
				ASSETCATALOG_COMPILER_APPICON_NAME = AppIcon;
				CODE_SIGN_STYLE = Automatic;
				DEVELOPMENT_TEAM = RSNHQTL73V;
				INFOPLIST_FILE = AvitoProjectTest/Info.plist;
				IPHONEOS_DEPLOYMENT_TARGET = 10.0;
				LD_RUNPATH_SEARCH_PATHS = "$(inherited) @executable_path/Frameworks";
				PRODUCT_BUNDLE_IDENTIFIER = com.avito.test.AvitoProjectTest;
				PRODUCT_NAME = "$(TARGET_NAME)";
				SWIFT_VERSION = 4.0;
				TARGETED_DEVICE_FAMILY = "1,2";
			};
			name = Debug;
		};
		3D0C2E9C204DE5A600F6C9FE /* Release */ = {
			isa = XCBuildConfiguration;
			baseConfigurationReference = B2001F07DCD23BB91C5E28C9 /* Pods-AvitoProjectTest.release.xcconfig */;
			buildSettings = {
				ASSETCATALOG_COMPILER_APPICON_NAME = AppIcon;
				CODE_SIGN_STYLE = Automatic;
				DEVELOPMENT_TEAM = RSNHQTL73V;
				INFOPLIST_FILE = AvitoProjectTest/Info.plist;
				IPHONEOS_DEPLOYMENT_TARGET = 10.0;
				LD_RUNPATH_SEARCH_PATHS = "$(inherited) @executable_path/Frameworks";
				PRODUCT_BUNDLE_IDENTIFIER = com.avito.test.AvitoProjectTest;
				PRODUCT_NAME = "$(TARGET_NAME)";
				SWIFT_VERSION = 4.0;
				TARGETED_DEVICE_FAMILY = "1,2";
			};
			name = Release;
		};
/* End XCBuildConfiguration section */

/* Begin XCConfigurationList section */
		3D0C2E83204DE5A600F6C9FE /* Build configuration list for PBXProject "AvitoProjectTest" */ = {
			isa = XCConfigurationList;
			buildConfigurations = (
				3D0C2E98204DE5A600F6C9FE /* Debug */,
				3D0C2E99204DE5A600F6C9FE /* Release */,
			);
			defaultConfigurationIsVisible = 0;
			defaultConfigurationName = Release;
		};
		3D0C2E9A204DE5A600F6C9FE /* Build configuration list for PBXNativeTarget "AvitoProjectTest" */ = {
			isa = XCConfigurationList;
			buildConfigurations = (
				3D0C2E9B204DE5A600F6C9FE /* Debug */,
				3D0C2E9C204DE5A600F6C9FE /* Release */,
			);
			defaultConfigurationIsVisible = 0;
			defaultConfigurationName = Release;
		};
/* End XCConfigurationList section */
	};
	rootObject = 3D0C2E80204DE5A600F6C9FE /* Project object */;
}
